
Microsoft Visual Studio Solution File, Format Version 12.00
# Visual Studio 15
VisualStudioVersion = 15.0.28307.539
MinimumVisualStudioVersion = 10.0.40219.1
Project("{FAE04EC0-301F-11D3-BF4B-00C04F79EFBC}") = "Main", "Main\Main.csproj", "{908AE85C-C3F7-4D55-B6D7-2BD080E9DEE1}"
EndProject
Project("{FAE04EC0-301F-11D3-BF4B-00C04F79EFBC}") = "MainCookieWriter", "MainCookieWriter\MainCookieWriter.csproj", "{BA389F6A-53EF-4198-AA62-3EC0FEB82CA5}"
EndProject
Project("{FAE04EC0-301F-11D3-BF4B-00C04F79EFBC}") = "External", "External\External.csproj", "{172AD8A4-A5BD-451B-82D7-6A99C8B2E0ED}"
EndProject
Project("{FAE04EC0-301F-11D3-BF4B-00C04F79EFBC}") = "ExternalCookieWriter", "ExternalCookieWriter\ExternalCookieWriter.csproj", "{83F68979-5683-4742-A494-9EF10BDAEE6D}"
EndProject
Global
	GlobalSection(SolutionConfigurationPlatforms) = preSolution
		Debug|Any CPU = Debug|Any CPU
		Release|Any CPU = Release|Any CPU
	EndGlobalSection
	GlobalSection(ProjectConfigurationPlatforms) = postSolution
		{908AE85C-C3F7-4D55-B6D7-2BD080E9DEE1}.Debug|Any CPU.ActiveCfg = Debug|Any CPU
		{908AE85C-C3F7-4D55-B6D7-2BD080E9DEE1}.Debug|Any CPU.Build.0 = Debug|Any CPU
		{908AE85C-C3F7-4D55-B6D7-2BD080E9DEE1}.Release|Any CPU.ActiveCfg = Release|Any CPU
		{908AE85C-C3F7-4D55-B6D7-2BD080E9DEE1}.Release|Any CPU.Build.0 = Release|Any CPU
		{BA389F6A-53EF-4198-AA62-3EC0FEB82CA5}.Debug|Any CPU.ActiveCfg = Debug|Any CPU
		{BA389F6A-53EF-4198-AA62-3EC0FEB82CA5}.Debug|Any CPU.Build.0 = Debug|Any CPU
		{BA389F6A-53EF-4198-AA62-3EC0FEB82CA5}.Release|Any CPU.ActiveCfg = Release|Any CPU
		{BA389F6A-53EF-4198-AA62-3EC0FEB82CA5}.Release|Any CPU.Build.0 = Release|Any CPU
		{172AD8A4-A5BD-451B-82D7-6A99C8B2E0ED}.Debug|Any CPU.ActiveCfg = Debug|Any CPU
		{172AD8A4-A5BD-451B-82D7-6A99C8B2E0ED}.Debug|Any CPU.Build.0 = Debug|Any CPU
		{172AD8A4-A5BD-451B-82D7-6A99C8B2E0ED}.Release|Any CPU.ActiveCfg = Release|Any CPU
		{172AD8A4-A5BD-451B-82D7-6A99C8B2E0ED}.Release|Any CPU.Build.0 = Release|Any CPU
		{83F68979-5683-4742-A494-9EF10BDAEE6D}.Debug|Any CPU.ActiveCfg = Debug|Any CPU
		{83F68979-5683-4742-A494-9EF10BDAEE6D}.Debug|Any CPU.Build.0 = Debug|Any CPU
		{83F68979-5683-4742-A494-9EF10BDAEE6D}.Release|Any CPU.ActiveCfg = Release|Any CPU
		{83F68979-5683-4742-A494-9EF10BDAEE6D}.Release|Any CPU.Build.0 = Release|Any CPU
	EndGlobalSection
	GlobalSection(SolutionProperties) = preSolution
		HideSolutionNode = FALSE
	EndGlobalSection
	GlobalSection(ExtensibilityGlobals) = postSolution
		SolutionGuid = {FBC76165-317F-47CC-B735-87501DD4E602}
	EndGlobalSection
EndGlobal
